// !$*UTF8*$!
{
	archiveVersion = 1;
	classes = {
	};
	objectVersion = 46;
	objects = {

/* Begin PBXBuildFile section */
		D720651D16D1CEA4001A19CA /* UIKit.framework in Frameworks */ = {isa = PBXBuildFile; fileRef = D720651C16D1CEA4001A19CA /* UIKit.framework */; };
		D720651F16D1CEA4001A19CA /* Foundation.framework in Frameworks */ = {isa = PBXBuildFile; fileRef = D720651E16D1CEA4001A19CA /* Foundation.framework */; };
		D720652116D1CEA4001A19CA /* CoreGraphics.framework in Frameworks */ = {isa = PBXBuildFile; fileRef = D720652016D1CEA4001A19CA /* CoreGraphics.framework */; };
		D720652716D1CEA4001A19CA /* InfoPlist.strings in Resources */ = {isa = PBXBuildFile; fileRef = D720652516D1CEA4001A19CA /* InfoPlist.strings */; };
		D720652916D1CEA4001A19CA /* main.m in Sources */ = {isa = PBXBuildFile; fileRef = D720652816D1CEA4001A19CA /* main.m */; };
		D720652D16D1CEA4001A19CA /* AppDelegate.m in Sources */ = {isa = PBXBuildFile; fileRef = D720652C16D1CEA4001A19CA /* AppDelegate.m */; };
		D720652F16D1CEA4001A19CA /* Default.png in Resources */ = {isa = PBXBuildFile; fileRef = D720652E16D1CEA4001A19CA /* Default.png */; };
		D720653116D1CEA4001A19CA /* Default@2x.png in Resources */ = {isa = PBXBuildFile; fileRef = D720653016D1CEA4001A19CA /* Default@2x.png */; };
		D720653316D1CEA4001A19CA /* Default-568h@2x.png in Resources */ = {isa = PBXBuildFile; fileRef = D720653216D1CEA4001A19CA /* Default-568h@2x.png */; };
/* End PBXBuildFile section */

/* Begin PBXFileReference section */
		D720651916D1CEA4001A19CA /* qwe123.app */ = {isa = PBXFileReference; explicitFileType = wrapper.application; includeInIndex = 0; path = qwe123.app; sourceTree = BUILT_PRODUCTS_DIR; };
		D720651C16D1CEA4001A19CA /* UIKit.framework */ = {isa = PBXFileReference; lastKnownFileType = wrapper.framework; name = UIKit.framework; path = System/Library/Frameworks/UIKit.framework; sourceTree = SDKROOT; };
		D720651E16D1CEA4001A19CA /* Foundation.framework */ = {isa = PBXFileReference; lastKnownFileType = wrapper.framework; name = Foundation.framework; path = System/Library/Frameworks/Foundation.framework; sourceTree = SDKROOT; };
		D720652016D1CEA4001A19CA /* CoreGraphics.framework */ = {isa = PBXFileReference; lastKnownFileType = wrapper.framework; name = CoreGraphics.framework; path = System/Library/Frameworks/CoreGraphics.framework; sourceTree = SDKROOT; };
		D720652416D1CEA4001A19CA /* qwe123-Info.plist */ = {isa = PBXFileReference; lastKnownFileType = text.plist.xml; path = "qwe123-Info.plist"; sourceTree = "<group>"; };
		D720652616D1CEA4001A19CA /* en */ = {isa = PBXFileReference; lastKnownFileType = text.plist.strings; name = en; path = en.lproj/InfoPlist.strings; sourceTree = "<group>"; };
		D720652816D1CEA4001A19CA /* main.m */ = {isa = PBXFileReference; lastKnownFileType = sourcecode.c.objc; path = main.m; sourceTree = "<group>"; };
		D720652A16D1CEA4001A19CA /* qwe123-Prefix.pch */ = {isa = PBXFileReference; lastKnownFileType = sourcecode.c.h; path = "qwe123-Prefix.pch"; sourceTree = "<group>"; };
		D720652B16D1CEA4001A19CA /* AppDelegate.h */ = {isa = PBXFileReference; lastKnownFileType = sourcecode.c.h; path = AppDelegate.h; sourceTree = "<group>"; };
		D720652C16D1CEA4001A19CA /* AppDelegate.m */ = {isa = PBXFileReference; lastKnownFileType = sourcecode.c.objc; path = AppDelegate.m; sourceTree = "<group>"; };
		D720652E16D1CEA4001A19CA /* Default.png */ = {isa = PBXFileReference; lastKnownFileType = image.png; path = Default.png; sourceTree = "<group>"; };
		D720653016D1CEA4001A19CA /* Default@2x.png */ = {isa = PBXFileReference; lastKnownFileType = image.png; path = "Default@2x.png"; sourceTree = "<group>"; };
		D720653216D1CEA4001A19CA /* Default-568h@2x.png */ = {isa = PBXFileReference; lastKnownFileType = image.png; path = "Default-568h@2x.png"; sourceTree = "<group>"; };
/* End PBXFileReference section */

/* Begin PBXFrameworksBuildPhase section */
		D720651616D1CEA4001A19CA /* Frameworks */ = {
			isa = PBXFrameworksBuildPhase;
			buildActionMask = 2147483647;
			files = (
				D720651D16D1CEA4001A19CA /* UIKit.framework in Frameworks */,
				D720651F16D1CEA4001A19CA /* Foundation.framework in Frameworks */,
				D720652116D1CEA4001A19CA /* CoreGraphics.framework in Frameworks */,
			);
			runOnlyForDeploymentPostprocessing = 0;
		};
/* End PBXFrameworksBuildPhase section */

/* Begin PBXGroup section */
		D720651016D1CEA3001A19CA = {
			isa = PBXGroup;
			children = (
				D720652216D1CEA4001A19CA /* qwe123 */,
				D720651B16D1CEA4001A19CA /* Frameworks */,
				D720651A16D1CEA4001A19CA /* Products */,
			);
			sourceTree = "<group>";
		};
		D720651A16D1CEA4001A19CA /* Products */ = {
			isa = PBXGroup;
			children = (
				D720651916D1CEA4001A19CA /* qwe123.app */,
			);
			name = Products;
			sourceTree = "<group>";
		};
		D720651B16D1CEA4001A19CA /* Frameworks */ = {
			isa = PBXGroup;
			children = (
				D720651C16D1CEA4001A19CA /* UIKit.framework */,
				D720651E16D1CEA4001A19CA /* Foundation.framework */,
				D720652016D1CEA4001A19CA /* CoreGraphics.framework */,
			);
			name = Frameworks;
			sourceTree = "<group>";
		};
		D720652216D1CEA4001A19CA /* qwe123 */ = {
			isa = PBXGroup;
			children = (
				D720652B16D1CEA4001A19CA /* AppDelegate.h */,
				D720652C16D1CEA4001A19CA /* AppDelegate.m */,
				D720652316D1CEA4001A19CA /* Supporting Files */,
			);
			path = qwe123;
			sourceTree = "<group>";
		};
		D720652316D1CEA4001A19CA /* Supporting Files */ = {
			isa = PBXGroup;
			children = (
				D720652416D1CEA4001A19CA /* qwe123-Info.plist */,
				D720652516D1CEA4001A19CA /* InfoPlist.strings */,
				D720652816D1CEA4001A19CA /* main.m */,
				D720652A16D1CEA4001A19CA /* qwe123-Prefix.pch */,
				D720652E16D1CEA4001A19CA /* Default.png */,
				D720653016D1CEA4001A19CA /* Default@2x.png */,
				D720653216D1CEA4001A19CA /* Default-568h@2x.png */,
			);
			name = "Supporting Files";
			sourceTree = "<group>";
		};
/* End PBXGroup section */

/* Begin PBXNativeTarget section */
		D720651816D1CEA4001A19CA /* qwe123 */ = {
			isa = PBXNativeTarget;
			buildConfigurationList = D720653616D1CEA4001A19CA /* Build configuration list for PBXNativeTarget "qwe123" */;
			buildPhases = (
				D720651516D1CEA4001A19CA /* Sources */,
				D720651616D1CEA4001A19CA /* Frameworks */,
				D720651716D1CEA4001A19CA /* Resources */,
			);
			buildRules = (
			);
			dependencies = (
			);
			name = qwe123;
			productName = qwe123;
			productReference = D720651916D1CEA4001A19CA /* qwe123.app */;
			productType = "com.apple.product-type.application";
		};
/* End PBXNativeTarget section */

/* Begin PBXProject section */
		D720651116D1CEA4001A19CA /* Project object */ = {
			isa = PBXProject;
			attributes = {
				LastUpgradeCheck = 0460;
				ORGANIZATIONNAME = "曲超杰";
			};
			buildConfigurationList = D720651416D1CEA4001A19CA /* Build configuration list for PBXProject "qwe123" */;
			compatibilityVersion = "Xcode 3.2";
			developmentRegion = English;
			hasScannedForEncodings = 0;
			knownRegions = (
				en,
			);
			mainGroup = D720651016D1CEA3001A19CA;
			productRefGroup = D720651A16D1CEA4001A19CA /* Products */;
			projectDirPath = "";
			projectRoot = "";
			targets = (
				D720651816D1CEA4001A19CA /* qwe123 */,
			);
		};
/* End PBXProject section */

/* Begin PBXResourcesBuildPhase section */
		D720651716D1CEA4001A19CA /* Resources */ = {
			isa = PBXResourcesBuildPhase;
			buildActionMask = 2147483647;
			files = (
				D720652716D1CEA4001A19CA /* InfoPlist.strings in Resources */,
				D720652F16D1CEA4001A19CA /* Default.png in Resources */,
				D720653116D1CEA4001A19CA /* Default@2x.png in Resources */,
				D720653316D1CEA4001A19CA /* Default-568h@2x.png in Resources */,
			);
			runOnlyForDeploymentPostprocessing = 0;
		};
/* End PBXResourcesBuildPhase section */

/* Begin PBXSourcesBuildPhase section */
		D720651516D1CEA4001A19CA /* Sources */ = {
			isa = PBXSourcesBuildPhase;
			buildActionMask = 2147483647;
			files = (
				D720652916D1CEA4001A19CA /* main.m in Sources */,
				D720652D16D1CEA4001A19CA /* AppDelegate.m in Sources */,
			);
			runOnlyForDeploymentPostprocessing = 0;
		};
/* End PBXSourcesBuildPhase section */

/* Begin PBXVariantGroup section */
		D720652516D1CEA4001A19CA /* InfoPlist.strings */ = {
			isa = PBXVariantGroup;
			children = (
				D720652616D1CEA4001A19CA /* en */,
			);
			name = InfoPlist.strings;
			sourceTree = "<group>";
		};
/* End PBXVariantGroup section */

/* Begin XCBuildConfiguration section */
		D720653416D1CEA4001A19CA /* Debug */ = {
			isa = XCBuildConfiguration;
			buildSettings = {
				ALWAYS_SEARCH_USER_PATHS = NO;
				CLANG_CXX_LANGUAGE_STANDARD = "gnu++0x";
				CLANG_CXX_LIBRARY = "libc++";
				CLANG_WARN_CONSTANT_CONVERSION = YES;
				CLANG_WARN_EMPTY_BODY = YES;
				CLANG_WARN_ENUM_CONVERSION = YES;
				CLANG_WARN_INT_CONVERSION = YES;
				CLANG_WARN__DUPLICATE_METHOD_MATCH = YES;
				"CODE_SIGN_IDENTITY[sdk=iphoneos*]" = "iPhone Developer";
				COPY_PHASE_STRIP = NO;
				GCC_C_LANGUAGE_STANDARD = gnu99;
				GCC_DYNAMIC_NO_PIC = NO;
				GCC_OPTIMIZATION_LEVEL = 0;
				GCC_PREPROCESSOR_DEFINITIONS = (
					"DEBUG=1",
					"$(inherited)",
				);
				GCC_SYMBOLS_PRIVATE_EXTERN = NO;
				GCC_WARN_ABOUT_RETURN_TYPE = YES;
				GCC_WARN_UNINITIALIZED_AUTOS = YES;
				GCC_WARN_UNUSED_VARIABLE = YES;
				IPHONEOS_DEPLOYMENT_TARGET = 6.1;
				ONLY_ACTIVE_ARCH = YES;
				SDKROOT = iphoneos;
			};
			name = Debug;
		};
		D720653516D1CEA4001A19CA /* Release */ = {
			isa = XCBuildConfiguration;
			buildSettings = {
				ALWAYS_SEARCH_USER_PATHS = NO;
				CLANG_CXX_LANGUAGE_STANDARD = "gnu++0x";
				CLANG_CXX_LIBRARY = "libc++";
				CLANG_WARN_CONSTANT_CONVERSION = YES;
				CLANG_WARN_EMPTY_BODY = YES;
				CLANG_WARN_ENUM_CONVERSION = YES;
				CLANG_WARN_INT_CONVERSION = YES;
				CLANG_WARN__DUPLICATE_METHOD_MATCH = YES;
				"CODE_SIGN_IDENTITY[sdk=iphoneos*]" = "iPhone Developer";
				COPY_PHASE_STRIP = YES;
				GCC_C_LANGUAGE_STANDARD = gnu99;
				GCC_WARN_ABOUT_RETURN_TYPE = YES;
				GCC_WARN_UNINITIALIZED_AUTOS = YES;
				GCC_WARN_UNUSED_VARIABLE = YES;
				IPHONEOS_DEPLOYMENT_TARGET = 6.1;
				OTHER_CFLAGS = "-DNS_BLOCK_ASSERTIONS=1";
				SDKROOT = iphoneos;
				VALIDATE_PRODUCT = YES;
			};
			name = Release;
		};
		D720653716D1CEA4001A19CA /* Debug */ = {
			isa = XCBuildConfiguration;
			buildSettings = {
				GCC_PRECOMPILE_PREFIX_HEADER = YES;
				GCC_PREFIX_HEADER = "qwe123/qwe123-Prefix.pch";
				INFOPLIST_FILE = "qwe123/qwe123-Info.plist";
				PRODUCT_NAME = "$(TARGET_NAME)";
				WRAPPER_EXTENSION = app;
			};
			name = Debug;
		};
		D720653816D1CEA4001A19CA /* Release */ = {
			isa = XCBuildConfiguration;
			buildSettings = {
				GCC_PRECOMPILE_PREFIX_HEADER = YES;
				GCC_PREFIX_HEADER = "qwe123/qwe123-Prefix.pch";
				INFOPLIST_FILE = "qwe123/qwe123-Info.plist";
				PRODUCT_NAME = "$(TARGET_NAME)";
				WRAPPER_EXTENSION = app;
			};
			name = Release;
		};
/* End XCBuildConfiguration section */

/* Begin XCConfigurationList section */
		D720651416D1CEA4001A19CA /* Build configuration list for PBXProject "qwe123" */ = {
			isa = XCConfigurationList;
			buildConfigurations = (
				D720653416D1CEA4001A19CA /* Debug */,
				D720653516D1CEA4001A19CA /* Release */,
			);
			defaultConfigurationIsVisible = 0;
			defaultConfigurationName = Release;
		};
		D720653616D1CEA4001A19CA /* Build configuration list for PBXNativeTarget "qwe123" */ = {
			isa = XCConfigurationList;
			buildConfigurations = (
				D720653716D1CEA4001A19CA /* Debug */,
				D720653816D1CEA4001A19CA /* Release */,
			);
			defaultConfigurationIsVisible = 0;
		};
/* End XCConfigurationList section */
	};
	rootObject = D720651116D1CEA4001A19CA /* Project object */;
}
